{
    "_readme": [
        "This file locks the dependencies of your project to a known state",
        "Read more about it at https://getcomposer.org/doc/01-basic-usage.md#composer-lock-the-lock-file",
        "This file is @generated automatically"
    ],
    "content-hash": "943915e1a7e7cbd47693cc6d17ee41f9",
    "packages": [
        {
            "name": "rych/phpass",
            "version": "dev-master",
            "source": {
                "type": "git",
                "url": "https://github.com/rchouinard/phpass.git",
                "reference": "9519feb5aaece801cfb32f15dc2ddeb30ccacc65"
            },
            "dist": {
                "type": "zip",
                "url": "https://api.github.com/repos/rchouinard/phpass/zipball/9519feb5aaece801cfb32f15dc2ddeb30ccacc65",
                "reference": "9519feb5aaece801cfb32f15dc2ddeb30ccacc65",
                "shasum": ""
            },
            "require": {
                "php": ">=5.3.7"
            },
            "suggest": {
                "ext-hash": "Some modules and features may require the HASH Message Digest Framework extension in order to work.",
                "ext-openssl": "The OpenSSL extension is used as a secure source of random data."
            },
            "type": "library",
            "extra": {
                "branch-alias": {
                    "dev-master": "2.1-dev"
                }
            },
            "autoload": {
                "psr-0": {
                    "Phpass": "src/"
                }
            },
            "notification-url": "https://packagist.org/downloads/",
            "license": [
                "MIT"
            ],
            "authors": [
                {
                    "name": "Ryan Chouinard",
                    "email": "rchouinard@gmail.com",
                    "homepage": "http://ryanchouinard.com"
                }
            ],
            "description": "PHP Password Library: Easy, secure password management for PHP",
            "homepage": "https://github.com/rchouinard/phpass",
            "keywords": [
                "cryptography",
                "password"
            ],
            "time": "2014-09-08T14:20:42+00:00"
        }
    ],
    "packages-dev": [],
    "aliases": [],
    "minimum-stability": "stable",
    "stability-flags": {
        "rych/phpass": 20
    },
    "prefer-stable": false,
    "prefer-lowest": false,
    "platform": [],
    "platform-dev": []
}
